
Microsoft Visual Studio Solution File, Format Version 12.00
# Visual Studio Version 16
VisualStudioVersion = 16.0.32802.440
MinimumVisualStudioVersion = 10.0.40219.1
Project("{FAE04EC0-301F-11D3-BF4B-00C04F79EFBC}") = "SimpleConsoleGame", "SimpleConsoleGame\SimpleConsoleGame.csproj", "{2BBBFCAC-B234-4BF1-BD02-D8570C18184A}"
EndProject
Global
	GlobalSection(SolutionConfigurationPlatforms) = preSolution
		Debug|Any CPU = Debug|Any CPU
		Release|Any CPU = Release|Any CPU
	EndGlobalSection
	GlobalSection(ProjectConfigurationPlatforms) = postSolution
		{2BBBFCAC-B234-4BF1-BD02-D8570C18184A}.Debug|Any CPU.ActiveCfg = Debug|Any CPU
		{2BBBFCAC-B234-4BF1-BD02-D8570C18184A}.Debug|Any CPU.Build.0 = Debug|Any CPU
		{2BBBFCAC-B234-4BF1-BD02-D8570C18184A}.Release|Any CPU.ActiveCfg = Release|Any CPU
		{2BBBFCAC-B234-4BF1-BD02-D8570C18184A}.Release|Any CPU.Build.0 = Release|Any CPU
	EndGlobalSection
	GlobalSection(SolutionProperties) = preSolution
		HideSolutionNode = FALSE
	EndGlobalSection
	GlobalSection(ExtensibilityGlobals) = postSolution
		SolutionGuid = {59F3FD49-EC84-4EDF-A8F7-ADB89D916B16}
	EndGlobalSection
EndGlobal
